// !$*UTF8*$!
{
	archiveVersion = 1;
	classes = {
	};
	objectVersion = 50;
	objects = {

/* Begin PBXBuildFile section */
		AD48D32B26F230D60038FAB1 /* CryptoTrackerApp.swift in Sources */ = {isa = PBXBuildFile; fileRef = AD48D32A26F230D60038FAB1 /* CryptoTrackerApp.swift */; };
		AD48D32D26F230D60038FAB1 /* ContentView.swift in Sources */ = {isa = PBXBuildFile; fileRef = AD48D32C26F230D60038FAB1 /* ContentView.swift */; };
		AD48D32F26F230D90038FAB1 /* Assets.xcassets in Resources */ = {isa = PBXBuildFile; fileRef = AD48D32E26F230D90038FAB1 /* Assets.xcassets */; };
		AD48D33226F230D90038FAB1 /* Preview Assets.xcassets in Resources */ = {isa = PBXBuildFile; fileRef = AD48D33126F230D90038FAB1 /* Preview Assets.xcassets */; };
		AD48D33B26F234CD0038FAB1 /* Color.swift in Sources */ = {isa = PBXBuildFile; fileRef = AD48D33A26F234CD0038FAB1 /* Color.swift */; };
		AD48D34126F236D00038FAB1 /* HomeView.swift in Sources */ = {isa = PBXBuildFile; fileRef = AD48D34026F236D00038FAB1 /* HomeView.swift */; };
		AD48D34526F239170038FAB1 /* CircleButtonView.swift in Sources */ = {isa = PBXBuildFile; fileRef = AD48D34426F239170038FAB1 /* CircleButtonView.swift */; };
		AD48D34726F23F170038FAB1 /* CircleButtonAnimateView.swift in Sources */ = {isa = PBXBuildFile; fileRef = AD48D34626F23F170038FAB1 /* CircleButtonAnimateView.swift */; };
		AD48D34A26F24B310038FAB1 /* CoinModel.swift in Sources */ = {isa = PBXBuildFile; fileRef = AD48D34926F24B310038FAB1 /* CoinModel.swift */; };
		AD48D34C26F2DEEE0038FAB1 /* CoinRowView.swift in Sources */ = {isa = PBXBuildFile; fileRef = AD48D34B26F2DEEE0038FAB1 /* CoinRowView.swift */; };
		AD48D34E26F2DF270038FAB1 /* PreviewPorovider.swift in Sources */ = {isa = PBXBuildFile; fileRef = AD48D34D26F2DF270038FAB1 /* PreviewPorovider.swift */; };
		AD48D35026F2DF840038FAB1 /* Double.swift in Sources */ = {isa = PBXBuildFile; fileRef = AD48D34F26F2DF840038FAB1 /* Double.swift */; };
		AD48D35426F2E87F0038FAB1 /* homeViewModel.swift in Sources */ = {isa = PBXBuildFile; fileRef = AD48D35326F2E87F0038FAB1 /* homeViewModel.swift */; };
		AD48D35726F2FE890038FAB1 /* CoinDataService.swift in Sources */ = {isa = PBXBuildFile; fileRef = AD48D35626F2FE890038FAB1 /* CoinDataService.swift */; };
		AD48D35A26F316D50038FAB1 /* NetworkingManager.swift in Sources */ = {isa = PBXBuildFile; fileRef = AD48D35926F316D50038FAB1 /* NetworkingManager.swift */; };
		AD48D35C26F321610038FAB1 /* CoinImageService.swift in Sources */ = {isa = PBXBuildFile; fileRef = AD48D35B26F321610038FAB1 /* CoinImageService.swift */; };
		AD48D36126F323AC0038FAB1 /* CoinImageViewModel.swift in Sources */ = {isa = PBXBuildFile; fileRef = AD48D36026F323AC0038FAB1 /* CoinImageViewModel.swift */; };
		AD48D36326F323C50038FAB1 /* CoinImageView.swift in Sources */ = {isa = PBXBuildFile; fileRef = AD48D36226F323C50038FAB1 /* CoinImageView.swift */; };
		AD48D36526F384140038FAB1 /* LocalFileManager.swift in Sources */ = {isa = PBXBuildFile; fileRef = AD48D36426F384140038FAB1 /* LocalFileManager.swift */; };
/* End PBXBuildFile section */

/* Begin PBXFileReference section */
		AD48D32726F230D60038FAB1 /* CryptoTracker.app */ = {isa = PBXFileReference; explicitFileType = wrapper.application; includeInIndex = 0; path = CryptoTracker.app; sourceTree = BUILT_PRODUCTS_DIR; };
		AD48D32A26F230D60038FAB1 /* CryptoTrackerApp.swift */ = {isa = PBXFileReference; lastKnownFileType = sourcecode.swift; path = CryptoTrackerApp.swift; sourceTree = "<group>"; };
		AD48D32C26F230D60038FAB1 /* ContentView.swift */ = {isa = PBXFileReference; lastKnownFileType = sourcecode.swift; path = ContentView.swift; sourceTree = "<group>"; };
		AD48D32E26F230D90038FAB1 /* Assets.xcassets */ = {isa = PBXFileReference; lastKnownFileType = folder.assetcatalog; path = Assets.xcassets; sourceTree = "<group>"; };
		AD48D33126F230D90038FAB1 /* Preview Assets.xcassets */ = {isa = PBXFileReference; lastKnownFileType = folder.assetcatalog; path = "Preview Assets.xcassets"; sourceTree = "<group>"; };
		AD48D33326F230D90038FAB1 /* Info.plist */ = {isa = PBXFileReference; lastKnownFileType = text.plist.xml; path = Info.plist; sourceTree = "<group>"; };
		AD48D33A26F234CD0038FAB1 /* Color.swift */ = {isa = PBXFileReference; lastKnownFileType = sourcecode.swift; path = Color.swift; sourceTree = "<group>"; };
		AD48D34026F236D00038FAB1 /* HomeView.swift */ = {isa = PBXFileReference; lastKnownFileType = sourcecode.swift; path = HomeView.swift; sourceTree = "<group>"; };
		AD48D34426F239170038FAB1 /* CircleButtonView.swift */ = {isa = PBXFileReference; lastKnownFileType = sourcecode.swift; path = CircleButtonView.swift; sourceTree = "<group>"; };
		AD48D34626F23F170038FAB1 /* CircleButtonAnimateView.swift */ = {isa = PBXFileReference; lastKnownFileType = sourcecode.swift; path = CircleButtonAnimateView.swift; sourceTree = "<group>"; };
		AD48D34926F24B310038FAB1 /* CoinModel.swift */ = {isa = PBXFileReference; lastKnownFileType = sourcecode.swift; path = CoinModel.swift; sourceTree = "<group>"; };
		AD48D34B26F2DEEE0038FAB1 /* CoinRowView.swift */ = {isa = PBXFileReference; lastKnownFileType = sourcecode.swift; path = CoinRowView.swift; sourceTree = "<group>"; };
		AD48D34D26F2DF270038FAB1 /* PreviewPorovider.swift */ = {isa = PBXFileReference; lastKnownFileType = sourcecode.swift; path = PreviewPorovider.swift; sourceTree = "<group>"; };
		AD48D34F26F2DF840038FAB1 /* Double.swift */ = {isa = PBXFileReference; lastKnownFileType = sourcecode.swift; path = Double.swift; sourceTree = "<group>"; };
		AD48D35326F2E87F0038FAB1 /* homeViewModel.swift */ = {isa = PBXFileReference; lastKnownFileType = sourcecode.swift; path = homeViewModel.swift; sourceTree = "<group>"; };
		AD48D35626F2FE890038FAB1 /* CoinDataService.swift */ = {isa = PBXFileReference; lastKnownFileType = sourcecode.swift; path = CoinDataService.swift; sourceTree = "<group>"; };
		AD48D35926F316D50038FAB1 /* NetworkingManager.swift */ = {isa = PBXFileReference; lastKnownFileType = sourcecode.swift; path = NetworkingManager.swift; sourceTree = "<group>"; };
		AD48D35B26F321610038FAB1 /* CoinImageService.swift */ = {isa = PBXFileReference; lastKnownFileType = sourcecode.swift; path = CoinImageService.swift; sourceTree = "<group>"; };
		AD48D36026F323AC0038FAB1 /* CoinImageViewModel.swift */ = {isa = PBXFileReference; lastKnownFileType = sourcecode.swift; path = CoinImageViewModel.swift; sourceTree = "<group>"; };
		AD48D36226F323C50038FAB1 /* CoinImageView.swift */ = {isa = PBXFileReference; lastKnownFileType = sourcecode.swift; path = CoinImageView.swift; sourceTree = "<group>"; };
		AD48D36426F384140038FAB1 /* LocalFileManager.swift */ = {isa = PBXFileReference; lastKnownFileType = sourcecode.swift; path = LocalFileManager.swift; sourceTree = "<group>"; };
/* End PBXFileReference section */

/* Begin PBXFrameworksBuildPhase section */
		AD48D32426F230D60038FAB1 /* Frameworks */ = {
			isa = PBXFrameworksBuildPhase;
			buildActionMask = 2147483647;
			files = (
			);
			runOnlyForDeploymentPostprocessing = 0;
		};
/* End PBXFrameworksBuildPhase section */

/* Begin PBXGroup section */
		AD48D31E26F230D60038FAB1 = {
			isa = PBXGroup;
			children = (
				AD48D32926F230D60038FAB1 /* CryptoTracker */,
				AD48D32826F230D60038FAB1 /* Products */,
			);
			sourceTree = "<group>";
		};
		AD48D32826F230D60038FAB1 /* Products */ = {
			isa = PBXGroup;
			children = (
				AD48D32726F230D60038FAB1 /* CryptoTracker.app */,
			);
			name = Products;
			sourceTree = "<group>";
		};
		AD48D32926F230D60038FAB1 /* CryptoTracker */ = {
			isa = PBXGroup;
			children = (
				AD48D32A26F230D60038FAB1 /* CryptoTrackerApp.swift */,
				AD48D35826F316C40038FAB1 /* Utilities */,
				AD48D35526F2FD200038FAB1 /* Service */,
				AD48D33926F234C00038FAB1 /* Extension */,
				AD48D34826F24B220038FAB1 /* Model */,
				AD48D33C26F2368F0038FAB1 /* Core */,
				AD48D32C26F230D60038FAB1 /* ContentView.swift */,
				AD48D32E26F230D90038FAB1 /* Assets.xcassets */,
				AD48D33326F230D90038FAB1 /* Info.plist */,
				AD48D33026F230D90038FAB1 /* Preview Content */,
			);
			path = CryptoTracker;
			sourceTree = "<group>";
		};
		AD48D33026F230D90038FAB1 /* Preview Content */ = {
			isa = PBXGroup;
			children = (
				AD48D33126F230D90038FAB1 /* Preview Assets.xcassets */,
			);
			path = "Preview Content";
			sourceTree = "<group>";
		};
		AD48D33926F234C00038FAB1 /* Extension */ = {
			isa = PBXGroup;
			children = (
				AD48D33A26F234CD0038FAB1 /* Color.swift */,
				AD48D34D26F2DF270038FAB1 /* PreviewPorovider.swift */,
				AD48D34F26F2DF840038FAB1 /* Double.swift */,
			);
			path = Extension;
			sourceTree = "<group>";
		};
		AD48D33C26F2368F0038FAB1 /* Core */ = {
			isa = PBXGroup;
			children = (
				AD48D34226F238E30038FAB1 /* Components */,
				AD48D33D26F236960038FAB1 /* Home */,
			);
			path = Core;
			sourceTree = "<group>";
		};
		AD48D33D26F236960038FAB1 /* Home */ = {
			isa = PBXGroup;
			children = (
				AD48D33F26F236A30038FAB1 /* ViewModel */,
				AD48D33E26F2369B0038FAB1 /* View */,
			);
			path = Home;
			sourceTree = "<group>";
		};
		AD48D33E26F2369B0038FAB1 /* View */ = {
			isa = PBXGroup;
			children = (
				AD48D34026F236D00038FAB1 /* HomeView.swift */,
				AD48D34B26F2DEEE0038FAB1 /* CoinRowView.swift */,
			);
			path = View;
			sourceTree = "<group>";
		};
		AD48D33F26F236A30038FAB1 /* ViewModel */ = {
			isa = PBXGroup;
			children = (
				AD48D35326F2E87F0038FAB1 /* homeViewModel.swift */,
			);
			path = ViewModel;
			sourceTree = "<group>";
		};
		AD48D34226F238E30038FAB1 /* Components */ = {
			isa = PBXGroup;
			children = (
				AD48D35D26F323900038FAB1 /* CoinImage */,
				AD48D34326F238F90038FAB1 /* CircleButton */,
			);
			path = Components;
			sourceTree = "<group>";
		};
		AD48D34326F238F90038FAB1 /* CircleButton */ = {
			isa = PBXGroup;
			children = (
				AD48D34426F239170038FAB1 /* CircleButtonView.swift */,
				AD48D34626F23F170038FAB1 /* CircleButtonAnimateView.swift */,
			);
			path = CircleButton;
			sourceTree = "<group>";
		};
		AD48D34826F24B220038FAB1 /* Model */ = {
			isa = PBXGroup;
			children = (
				AD48D34926F24B310038FAB1 /* CoinModel.swift */,
			);
			path = Model;
			sourceTree = "<group>";
		};
		AD48D35526F2FD200038FAB1 /* Service */ = {
			isa = PBXGroup;
			children = (
				AD48D35626F2FE890038FAB1 /* CoinDataService.swift */,
				AD48D35B26F321610038FAB1 /* CoinImageService.swift */,
			);
			path = Service;
			sourceTree = "<group>";
		};
		AD48D35826F316C40038FAB1 /* Utilities */ = {
			isa = PBXGroup;
			children = (
				AD48D35926F316D50038FAB1 /* NetworkingManager.swift */,
				AD48D36426F384140038FAB1 /* LocalFileManager.swift */,
			);
			path = Utilities;
			sourceTree = "<group>";
		};
		AD48D35D26F323900038FAB1 /* CoinImage */ = {
			isa = PBXGroup;
			children = (
				AD48D36226F323C50038FAB1 /* CoinImageView.swift */,
				AD48D36026F323AC0038FAB1 /* CoinImageViewModel.swift */,
			);
			path = CoinImage;
			sourceTree = "<group>";
		};
/* End PBXGroup section */

/* Begin PBXNativeTarget section */
		AD48D32626F230D60038FAB1 /* CryptoTracker */ = {
			isa = PBXNativeTarget;
			buildConfigurationList = AD48D33626F230D90038FAB1 /* Build configuration list for PBXNativeTarget "CryptoTracker" */;
			buildPhases = (
				AD48D32326F230D60038FAB1 /* Sources */,
				AD48D32426F230D60038FAB1 /* Frameworks */,
				AD48D32526F230D60038FAB1 /* Resources */,
			);
			buildRules = (
			);
			dependencies = (
			);
			name = CryptoTracker;
			productName = CryptoTracker;
			productReference = AD48D32726F230D60038FAB1 /* CryptoTracker.app */;
			productType = "com.apple.product-type.application";
		};
/* End PBXNativeTarget section */

/* Begin PBXProject section */
		AD48D31F26F230D60038FAB1 /* Project object */ = {
			isa = PBXProject;
			attributes = {
				LastSwiftUpdateCheck = 1250;
				LastUpgradeCheck = 1250;
				TargetAttributes = {
					AD48D32626F230D60038FAB1 = {
						CreatedOnToolsVersion = 12.5;
					};
				};
			};
			buildConfigurationList = AD48D32226F230D60038FAB1 /* Build configuration list for PBXProject "CryptoTracker" */;
			compatibilityVersion = "Xcode 9.3";
			developmentRegion = en;
			hasScannedForEncodings = 0;
			knownRegions = (
				en,
				Base,
			);
			mainGroup = AD48D31E26F230D60038FAB1;
			productRefGroup = AD48D32826F230D60038FAB1 /* Products */;
			projectDirPath = "";
			projectRoot = "";
			targets = (
				AD48D32626F230D60038FAB1 /* CryptoTracker */,
			);
		};
/* End PBXProject section */

/* Begin PBXResourcesBuildPhase section */
		AD48D32526F230D60038FAB1 /* Resources */ = {
			isa = PBXResourcesBuildPhase;
			buildActionMask = 2147483647;
			files = (
				AD48D33226F230D90038FAB1 /* Preview Assets.xcassets in Resources */,
				AD48D32F26F230D90038FAB1 /* Assets.xcassets in Resources */,
			);
			runOnlyForDeploymentPostprocessing = 0;
		};
/* End PBXResourcesBuildPhase section */

/* Begin PBXSourcesBuildPhase section */
		AD48D32326F230D60038FAB1 /* Sources */ = {
			isa = PBXSourcesBuildPhase;
			buildActionMask = 2147483647;
			files = (
				AD48D35726F2FE890038FAB1 /* CoinDataService.swift in Sources */,
				AD48D34C26F2DEEE0038FAB1 /* CoinRowView.swift in Sources */,
				AD48D34726F23F170038FAB1 /* CircleButtonAnimateView.swift in Sources */,
				AD48D35426F2E87F0038FAB1 /* homeViewModel.swift in Sources */,
				AD48D36526F384140038FAB1 /* LocalFileManager.swift in Sources */,
				AD48D32D26F230D60038FAB1 /* ContentView.swift in Sources */,
				AD48D36326F323C50038FAB1 /* CoinImageView.swift in Sources */,
				AD48D34126F236D00038FAB1 /* HomeView.swift in Sources */,
				AD48D32B26F230D60038FAB1 /* CryptoTrackerApp.swift in Sources */,
				AD48D34526F239170038FAB1 /* CircleButtonView.swift in Sources */,
				AD48D35A26F316D50038FAB1 /* NetworkingManager.swift in Sources */,
				AD48D33B26F234CD0038FAB1 /* Color.swift in Sources */,
				AD48D34E26F2DF270038FAB1 /* PreviewPorovider.swift in Sources */,
				AD48D36126F323AC0038FAB1 /* CoinImageViewModel.swift in Sources */,
				AD48D35026F2DF840038FAB1 /* Double.swift in Sources */,
				AD48D35C26F321610038FAB1 /* CoinImageService.swift in Sources */,
				AD48D34A26F24B310038FAB1 /* CoinModel.swift in Sources */,
			);
			runOnlyForDeploymentPostprocessing = 0;
		};
/* End PBXSourcesBuildPhase section */

/* Begin XCBuildConfiguration section */
		AD48D33426F230D90038FAB1 /* Debug */ = {
			isa = XCBuildConfiguration;
			buildSettings = {
				ALWAYS_SEARCH_USER_PATHS = NO;
				CLANG_ANALYZER_NONNULL = YES;
				CLANG_ANALYZER_NUMBER_OBJECT_CONVERSION = YES_AGGRESSIVE;
				CLANG_CXX_LANGUAGE_STANDARD = "gnu++14";
				CLANG_CXX_LIBRARY = "libc++";
				CLANG_ENABLE_MODULES = YES;
				CLANG_ENABLE_OBJC_ARC = YES;
				CLANG_ENABLE_OBJC_WEAK = YES;
				CLANG_WARN_BLOCK_CAPTURE_AUTORELEASING = YES;
				CLANG_WARN_BOOL_CONVERSION = YES;
				CLANG_WARN_COMMA = YES;
				CLANG_WARN_CONSTANT_CONVERSION = YES;
				CLANG_WARN_DEPRECATED_OBJC_IMPLEMENTATIONS = YES;
				CLANG_WARN_DIRECT_OBJC_ISA_USAGE = YES_ERROR;
				CLANG_WARN_DOCUMENTATION_COMMENTS = YES;
				CLANG_WARN_EMPTY_BODY = YES;
				CLANG_WARN_ENUM_CONVERSION = YES;
				CLANG_WARN_INFINITE_RECURSION = YES;
				CLANG_WARN_INT_CONVERSION = YES;
				CLANG_WARN_NON_LITERAL_NULL_CONVERSION = YES;
				CLANG_WARN_OBJC_IMPLICIT_RETAIN_SELF = YES;
				CLANG_WARN_OBJC_LITERAL_CONVERSION = YES;
				CLANG_WARN_OBJC_ROOT_CLASS = YES_ERROR;
				CLANG_WARN_QUOTED_INCLUDE_IN_FRAMEWORK_HEADER = YES;
				CLANG_WARN_RANGE_LOOP_ANALYSIS = YES;
				CLANG_WARN_STRICT_PROTOTYPES = YES;
				CLANG_WARN_SUSPICIOUS_MOVE = YES;
				CLANG_WARN_UNGUARDED_AVAILABILITY = YES_AGGRESSIVE;
				CLANG_WARN_UNREACHABLE_CODE = YES;
				CLANG_WARN__DUPLICATE_METHOD_MATCH = YES;
				COPY_PHASE_STRIP = NO;
				DEBUG_INFORMATION_FORMAT = dwarf;
				ENABLE_STRICT_OBJC_MSGSEND = YES;
				ENABLE_TESTABILITY = YES;
				GCC_C_LANGUAGE_STANDARD = gnu11;
				GCC_DYNAMIC_NO_PIC = NO;
				GCC_NO_COMMON_BLOCKS = YES;
				GCC_OPTIMIZATION_LEVEL = 0;
				GCC_PREPROCESSOR_DEFINITIONS = (
					"DEBUG=1",
					"$(inherited)",
				);
				GCC_WARN_64_TO_32_BIT_CONVERSION = YES;
				GCC_WARN_ABOUT_RETURN_TYPE = YES_ERROR;
				GCC_WARN_UNDECLARED_SELECTOR = YES;
				GCC_WARN_UNINITIALIZED_AUTOS = YES_AGGRESSIVE;
				GCC_WARN_UNUSED_FUNCTION = YES;
				GCC_WARN_UNUSED_VARIABLE = YES;
				IPHONEOS_DEPLOYMENT_TARGET = 14.5;
				MTL_ENABLE_DEBUG_INFO = INCLUDE_SOURCE;
				MTL_FAST_MATH = YES;
				ONLY_ACTIVE_ARCH = YES;
				SDKROOT = iphoneos;
				SWIFT_ACTIVE_COMPILATION_CONDITIONS = DEBUG;
				SWIFT_OPTIMIZATION_LEVEL = "-Onone";
			};
			name = Debug;
		};
		AD48D33526F230D90038FAB1 /* Release */ = {
			isa = XCBuildConfiguration;
			buildSettings = {
				ALWAYS_SEARCH_USER_PATHS = NO;
				CLANG_ANALYZER_NONNULL = YES;
				CLANG_ANALYZER_NUMBER_OBJECT_CONVERSION = YES_AGGRESSIVE;
				CLANG_CXX_LANGUAGE_STANDARD = "gnu++14";
				CLANG_CXX_LIBRARY = "libc++";
				CLANG_ENABLE_MODULES = YES;
				CLANG_ENABLE_OBJC_ARC = YES;
				CLANG_ENABLE_OBJC_WEAK = YES;
				CLANG_WARN_BLOCK_CAPTURE_AUTORELEASING = YES;
				CLANG_WARN_BOOL_CONVERSION = YES;
				CLANG_WARN_COMMA = YES;
				CLANG_WARN_CONSTANT_CONVERSION = YES;
				CLANG_WARN_DEPRECATED_OBJC_IMPLEMENTATIONS = YES;
				CLANG_WARN_DIRECT_OBJC_ISA_USAGE = YES_ERROR;
				CLANG_WARN_DOCUMENTATION_COMMENTS = YES;
				CLANG_WARN_EMPTY_BODY = YES;
				CLANG_WARN_ENUM_CONVERSION = YES;
				CLANG_WARN_INFINITE_RECURSION = YES;
				CLANG_WARN_INT_CONVERSION = YES;
				CLANG_WARN_NON_LITERAL_NULL_CONVERSION = YES;
				CLANG_WARN_OBJC_IMPLICIT_RETAIN_SELF = YES;
				CLANG_WARN_OBJC_LITERAL_CONVERSION = YES;
				CLANG_WARN_OBJC_ROOT_CLASS = YES_ERROR;
				CLANG_WARN_QUOTED_INCLUDE_IN_FRAMEWORK_HEADER = YES;
				CLANG_WARN_RANGE_LOOP_ANALYSIS = YES;
				CLANG_WARN_STRICT_PROTOTYPES = YES;
				CLANG_WARN_SUSPICIOUS_MOVE = YES;
				CLANG_WARN_UNGUARDED_AVAILABILITY = YES_AGGRESSIVE;
				CLANG_WARN_UNREACHABLE_CODE = YES;
				CLANG_WARN__DUPLICATE_METHOD_MATCH = YES;
				COPY_PHASE_STRIP = NO;
				DEBUG_INFORMATION_FORMAT = "dwarf-with-dsym";
				ENABLE_NS_ASSERTIONS = NO;
				ENABLE_STRICT_OBJC_MSGSEND = YES;
				GCC_C_LANGUAGE_STANDARD = gnu11;
				GCC_NO_COMMON_BLOCKS = YES;
				GCC_WARN_64_TO_32_BIT_CONVERSION = YES;
				GCC_WARN_ABOUT_RETURN_TYPE = YES_ERROR;
				GCC_WARN_UNDECLARED_SELECTOR = YES;
				GCC_WARN_UNINITIALIZED_AUTOS = YES_AGGRESSIVE;
				GCC_WARN_UNUSED_FUNCTION = YES;
				GCC_WARN_UNUSED_VARIABLE = YES;
				IPHONEOS_DEPLOYMENT_TARGET = 14.5;
				MTL_ENABLE_DEBUG_INFO = NO;
				MTL_FAST_MATH = YES;
				SDKROOT = iphoneos;
				SWIFT_COMPILATION_MODE = wholemodule;
				SWIFT_OPTIMIZATION_LEVEL = "-O";
				VALIDATE_PRODUCT = YES;
			};
			name = Release;
		};
		AD48D33726F230D90038FAB1 /* Debug */ = {
			isa = XCBuildConfiguration;
			buildSettings = {
				ASSETCATALOG_COMPILER_APPICON_NAME = AppIcon;
				ASSETCATALOG_COMPILER_GLOBAL_ACCENT_COLOR_NAME = AccentColor;
				CODE_SIGN_STYLE = Automatic;
				DEVELOPMENT_ASSET_PATHS = "\"CryptoTracker/Preview Content\"";
				DEVELOPMENT_TEAM = 86C7Q9RW8H;
				ENABLE_PREVIEWS = YES;
				INFOPLIST_FILE = CryptoTracker/Info.plist;
				IPHONEOS_DEPLOYMENT_TARGET = 14.0;
				LD_RUNPATH_SEARCH_PATHS = (
					"$(inherited)",
					"@executable_path/Frameworks",
				);
				PRODUCT_BUNDLE_IDENTIFIER = com.tarmalar.CryptoTracker;
				PRODUCT_NAME = "$(TARGET_NAME)";
				SWIFT_VERSION = 5.0;
				TARGETED_DEVICE_FAMILY = "1,2";
			};
			name = Debug;
		};
		AD48D33826F230D90038FAB1 /* Release */ = {
			isa = XCBuildConfiguration;
			buildSettings = {
				ASSETCATALOG_COMPILER_APPICON_NAME = AppIcon;
				ASSETCATALOG_COMPILER_GLOBAL_ACCENT_COLOR_NAME = AccentColor;
				CODE_SIGN_STYLE = Automatic;
				DEVELOPMENT_ASSET_PATHS = "\"CryptoTracker/Preview Content\"";
				DEVELOPMENT_TEAM = 86C7Q9RW8H;
				ENABLE_PREVIEWS = YES;
				INFOPLIST_FILE = CryptoTracker/Info.plist;
				IPHONEOS_DEPLOYMENT_TARGET = 14.0;
				LD_RUNPATH_SEARCH_PATHS = (
					"$(inherited)",
					"@executable_path/Frameworks",
				);
				PRODUCT_BUNDLE_IDENTIFIER = com.tarmalar.CryptoTracker;
				PRODUCT_NAME = "$(TARGET_NAME)";
				SWIFT_VERSION = 5.0;
				TARGETED_DEVICE_FAMILY = "1,2";
			};
			name = Release;
		};
/* End XCBuildConfiguration section */

/* Begin XCConfigurationList section */
		AD48D32226F230D60038FAB1 /* Build configuration list for PBXProject "CryptoTracker" */ = {
			isa = XCConfigurationList;
			buildConfigurations = (
				AD48D33426F230D90038FAB1 /* Debug */,
				AD48D33526F230D90038FAB1 /* Release */,
			);
			defaultConfigurationIsVisible = 0;
			defaultConfigurationName = Release;
		};
		AD48D33626F230D90038FAB1 /* Build configuration list for PBXNativeTarget "CryptoTracker" */ = {
			isa = XCConfigurationList;
			buildConfigurations = (
				AD48D33726F230D90038FAB1 /* Debug */,
				AD48D33826F230D90038FAB1 /* Release */,
			);
			defaultConfigurationIsVisible = 0;
			defaultConfigurationName = Release;
		};
/* End XCConfigurationList section */
	};
	rootObject = AD48D31F26F230D60038FAB1 /* Project object */;
}
